
Microsoft Visual Studio Solution File, Format Version 12.00
# Visual Studio Version 16
VisualStudioVersion = 16.0.29613.14
MinimumVisualStudioVersion = 10.0.40219.1
Project("{FAE04EC0-301F-11D3-BF4B-00C04F79EFBC}") = "game2", "MonoGameWindowsStarter\game2.csproj", "{51370AA0-4C9A-4604-999D-9AF3C7F85287}"
EndProject
Global
	GlobalSection(SolutionConfigurationPlatforms) = preSolution
		Debug|x86 = Debug|x86
		Release|x86 = Release|x86
	EndGlobalSection
	GlobalSection(ProjectConfigurationPlatforms) = postSolution
		{51370AA0-4C9A-4604-999D-9AF3C7F85287}.Debug|x86.ActiveCfg = Debug|x86
		{51370AA0-4C9A-4604-999D-9AF3C7F85287}.Debug|x86.Build.0 = Debug|x86
		{51370AA0-4C9A-4604-999D-9AF3C7F85287}.Release|x86.ActiveCfg = Release|x86
		{51370AA0-4C9A-4604-999D-9AF3C7F85287}.Release|x86.Build.0 = Release|x86
	EndGlobalSection
	GlobalSection(SolutionProperties) = preSolution
		HideSolutionNode = FALSE
	EndGlobalSection
	GlobalSection(ExtensibilityGlobals) = postSolution
		SolutionGuid = {12CBFA37-FB77-4875-9820-773CA30DA28D}
	EndGlobalSection
EndGlobal
